
Microsoft Visual Studio Solution File, Format Version 12.00
# Visual Studio Version 16
VisualStudioVersion = 16.0.29519.181
MinimumVisualStudioVersion = 10.0.40219.1
Project("{8BC9CEB8-8B4A-11D0-8D11-00A0C91BC942}") = "CarRaceSimulator", "CarRaceSimulator.vcxproj", "{9341B0F3-8E93-4349-910D-FFCC3A4D8C97}"
EndProject
Global
	GlobalSection(SolutionConfigurationPlatforms) = preSolution
		Debug|x64 = Debug|x64
		Debug|x86 = Debug|x86
		Release|x64 = Release|x64
		Release|x86 = Release|x86
	EndGlobalSection
	GlobalSection(ProjectConfigurationPlatforms) = postSolution
		{9341B0F3-8E93-4349-910D-FFCC3A4D8C97}.Debug|x64.ActiveCfg = Debug|x64
		{9341B0F3-8E93-4349-910D-FFCC3A4D8C97}.Debug|x64.Build.0 = Debug|x64
		{9341B0F3-8E93-4349-910D-FFCC3A4D8C97}.Debug|x86.ActiveCfg = Debug|Win32
		{9341B0F3-8E93-4349-910D-FFCC3A4D8C97}.Debug|x86.Build.0 = Debug|Win32
		{9341B0F3-8E93-4349-910D-FFCC3A4D8C97}.Release|x64.ActiveCfg = Release|x64
		{9341B0F3-8E93-4349-910D-FFCC3A4D8C97}.Release|x64.Build.0 = Release|x64
		{9341B0F3-8E93-4349-910D-FFCC3A4D8C97}.Release|x86.ActiveCfg = Release|Win32
		{9341B0F3-8E93-4349-910D-FFCC3A4D8C97}.Release|x86.Build.0 = Release|Win32
	EndGlobalSection
	GlobalSection(SolutionProperties) = preSolution
		HideSolutionNode = FALSE
	EndGlobalSection
	GlobalSection(ExtensibilityGlobals) = postSolution
		SolutionGuid = {8145B2D3-02EC-45A7-9744-A46FB247CFA8}
	EndGlobalSection
EndGlobal
